
Microsoft Visual Studio Solution File, Format Version 12.00
# Visual Studio 15
VisualStudioVersion = 15.0.27130.2027
MinimumVisualStudioVersion = 10.0.40219.1
Project("{FAE04EC0-301F-11D3-BF4B-00C04F79EFBC}") = "winlayout", "winlayout\winlayout.csproj", "{98AC13B7-72F8-46FF-93A7-6BD2B15CCBBB}"
EndProject
Global
	GlobalSection(SolutionConfigurationPlatforms) = preSolution
		Debug|Any CPU = Debug|Any CPU
		Release|Any CPU = Release|Any CPU
	EndGlobalSection
	GlobalSection(ProjectConfigurationPlatforms) = postSolution
		{98AC13B7-72F8-46FF-93A7-6BD2B15CCBBB}.Debug|Any CPU.ActiveCfg = Debug|Any CPU
		{98AC13B7-72F8-46FF-93A7-6BD2B15CCBBB}.Debug|Any CPU.Build.0 = Debug|Any CPU
		{98AC13B7-72F8-46FF-93A7-6BD2B15CCBBB}.Release|Any CPU.ActiveCfg = Release|Any CPU
		{98AC13B7-72F8-46FF-93A7-6BD2B15CCBBB}.Release|Any CPU.Build.0 = Release|Any CPU
	EndGlobalSection
	GlobalSection(SolutionProperties) = preSolution
		HideSolutionNode = FALSE
	EndGlobalSection
	GlobalSection(ExtensibilityGlobals) = postSolution
		SolutionGuid = {FE52AEE4-F435-4C95-BAE3-11698EBD649C}
	EndGlobalSection
EndGlobal
